
Microsoft Visual Studio Solution File, Format Version 12.00
# Visual Studio Version 16
VisualStudioVersion = 16.0.31025.218
MinimumVisualStudioVersion = 10.0.40219.1
Project("{FAE04EC0-301F-11D3-BF4B-00C04F79EFBC}") = "Synth", "Synth\Synth.csproj", "{B36DE664-CC0C-4C5B-A1F4-B92DB0DCD83F}"
EndProject
Global
	GlobalSection(SolutionConfigurationPlatforms) = preSolution
		Debug|Any CPU = Debug|Any CPU
		Release|Any CPU = Release|Any CPU
	EndGlobalSection
	GlobalSection(ProjectConfigurationPlatforms) = postSolution
		{B36DE664-CC0C-4C5B-A1F4-B92DB0DCD83F}.Debug|Any CPU.ActiveCfg = Debug|Any CPU
		{B36DE664-CC0C-4C5B-A1F4-B92DB0DCD83F}.Debug|Any CPU.Build.0 = Debug|Any CPU
		{B36DE664-CC0C-4C5B-A1F4-B92DB0DCD83F}.Release|Any CPU.ActiveCfg = Release|Any CPU
		{B36DE664-CC0C-4C5B-A1F4-B92DB0DCD83F}.Release|Any CPU.Build.0 = Release|Any CPU
	EndGlobalSection
	GlobalSection(SolutionProperties) = preSolution
		HideSolutionNode = FALSE
	EndGlobalSection
	GlobalSection(ExtensibilityGlobals) = postSolution
		SolutionGuid = {B4E1DE0F-BF04-4588-8CD4-1058ADD1F821}
	EndGlobalSection
EndGlobal
